// !$*UTF8*$!
{
	archiveVersion = 1;
	classes = {
	};
	objectVersion = 56;
	objects = {

/* Begin PBXBuildFile section */
		7D28060B2B2333E5000820B9 /* SSRadialMenuViewModel.swift in Sources */ = {isa = PBXBuildFile; fileRef = 7D28060A2B2333E5000820B9 /* SSRadialMenuViewModel.swift */; };
		7D28060E2B23341A000820B9 /* MenuItemModel.swift in Sources */ = {isa = PBXBuildFile; fileRef = 7D28060D2B23341A000820B9 /* MenuItemModel.swift */; };
		7D85930A2B21C1FB0078C68D /* SSRadialMenuView.swift in Sources */ = {isa = PBXBuildFile; fileRef = 7D8593092B21C1FB0078C68D /* SSRadialMenuView.swift */; };
		7D85930D2B21C6510078C68D /* MenuButtonView.swift in Sources */ = {isa = PBXBuildFile; fileRef = 7D85930C2B21C6510078C68D /* MenuButtonView.swift */; };
		BC7089DF29ACE93900D7D331 /* DynamicLiquidMenu.swift in Sources */ = {isa = PBXBuildFile; fileRef = BC7089DE29ACE93900D7D331 /* DynamicLiquidMenu.swift */; };
		BCB40CB22993B3A700685605 /* SimilarShape.swift in Sources */ = {isa = PBXBuildFile; fileRef = BCB40CB12993B3A700685605 /* SimilarShape.swift */; };
		BCB40CB42993B4A100685605 /* FabFluidView.swift in Sources */ = {isa = PBXBuildFile; fileRef = BCB40CB32993B4A100685605 /* FabFluidView.swift */; };
		BCB40CB92993B5B800685605 /* Extension+CGPoint.swift in Sources */ = {isa = PBXBuildFile; fileRef = BCB40CB82993B5B800685605 /* Extension+CGPoint.swift */; };
		BCB40CBB2993B5D900685605 /* AnimatableDataShape.swift in Sources */ = {isa = PBXBuildFile; fileRef = BCB40CBA2993B5D900685605 /* AnimatableDataShape.swift */; };
		BCB40CBD2993B83000685605 /* MorphCircle.swift in Sources */ = {isa = PBXBuildFile; fileRef = BCB40CBC2993B83000685605 /* MorphCircle.swift */; };
		BCBEB586297ED92E00C03B9C /* SSRadialMenuApp.swift in Sources */ = {isa = PBXBuildFile; fileRef = BCBEB585297ED92E00C03B9C /* SSRadialMenuApp.swift */; };
		BCBEB58A297ED92F00C03B9C /* Assets.xcassets in Resources */ = {isa = PBXBuildFile; fileRef = BCBEB589297ED92F00C03B9C /* Assets.xcassets */; };
		BCBEB58E297ED92F00C03B9C /* Preview Assets.xcassets in Resources */ = {isa = PBXBuildFile; fileRef = BCBEB58D297ED92F00C03B9C /* Preview Assets.xcassets */; };
		BCBEB596297ED9BD00C03B9C /* MenuLayout.swift in Sources */ = {isa = PBXBuildFile; fileRef = BCBEB595297ED9BD00C03B9C /* MenuLayout.swift */; };
		BCBEB598297ED9C600C03B9C /* FabMenuView.swift in Sources */ = {isa = PBXBuildFile; fileRef = BCBEB597297ED9C600C03B9C /* FabMenuView.swift */; };
/* End PBXBuildFile section */

/* Begin PBXFileReference section */
		7D28060A2B2333E5000820B9 /* SSRadialMenuViewModel.swift */ = {isa = PBXFileReference; lastKnownFileType = sourcecode.swift; path = SSRadialMenuViewModel.swift; sourceTree = "<group>"; };
		7D28060D2B23341A000820B9 /* MenuItemModel.swift */ = {isa = PBXFileReference; lastKnownFileType = sourcecode.swift; path = MenuItemModel.swift; sourceTree = "<group>"; };
		7D8593092B21C1FB0078C68D /* SSRadialMenuView.swift */ = {isa = PBXFileReference; lastKnownFileType = sourcecode.swift; path = SSRadialMenuView.swift; sourceTree = "<group>"; };
		7D85930C2B21C6510078C68D /* MenuButtonView.swift */ = {isa = PBXFileReference; lastKnownFileType = sourcecode.swift; path = MenuButtonView.swift; sourceTree = "<group>"; };
		BC7089DE29ACE93900D7D331 /* DynamicLiquidMenu.swift */ = {isa = PBXFileReference; lastKnownFileType = sourcecode.swift; path = DynamicLiquidMenu.swift; sourceTree = "<group>"; };
		BCB40CB12993B3A700685605 /* SimilarShape.swift */ = {isa = PBXFileReference; lastKnownFileType = sourcecode.swift; path = SimilarShape.swift; sourceTree = "<group>"; };
		BCB40CB32993B4A100685605 /* FabFluidView.swift */ = {isa = PBXFileReference; lastKnownFileType = sourcecode.swift; path = FabFluidView.swift; sourceTree = "<group>"; };
		BCB40CB82993B5B800685605 /* Extension+CGPoint.swift */ = {isa = PBXFileReference; lastKnownFileType = sourcecode.swift; path = "Extension+CGPoint.swift"; sourceTree = "<group>"; };
		BCB40CBA2993B5D900685605 /* AnimatableDataShape.swift */ = {isa = PBXFileReference; lastKnownFileType = sourcecode.swift; path = AnimatableDataShape.swift; sourceTree = "<group>"; };
		BCB40CBC2993B83000685605 /* MorphCircle.swift */ = {isa = PBXFileReference; lastKnownFileType = sourcecode.swift; path = MorphCircle.swift; sourceTree = "<group>"; };
		BCBEB582297ED92E00C03B9C /* SSRadialMenu.app */ = {isa = PBXFileReference; explicitFileType = wrapper.application; includeInIndex = 0; path = SSRadialMenu.app; sourceTree = BUILT_PRODUCTS_DIR; };
		BCBEB585297ED92E00C03B9C /* SSRadialMenuApp.swift */ = {isa = PBXFileReference; lastKnownFileType = sourcecode.swift; path = SSRadialMenuApp.swift; sourceTree = "<group>"; };
		BCBEB589297ED92F00C03B9C /* Assets.xcassets */ = {isa = PBXFileReference; lastKnownFileType = folder.assetcatalog; path = Assets.xcassets; sourceTree = "<group>"; };
		BCBEB58B297ED92F00C03B9C /* SSRadialMenu.entitlements */ = {isa = PBXFileReference; lastKnownFileType = text.plist.entitlements; path = SSRadialMenu.entitlements; sourceTree = "<group>"; };
		BCBEB58D297ED92F00C03B9C /* Preview Assets.xcassets */ = {isa = PBXFileReference; lastKnownFileType = folder.assetcatalog; path = "Preview Assets.xcassets"; sourceTree = "<group>"; };
		BCBEB595297ED9BD00C03B9C /* MenuLayout.swift */ = {isa = PBXFileReference; fileEncoding = 4; lastKnownFileType = sourcecode.swift; path = MenuLayout.swift; sourceTree = "<group>"; };
		BCBEB597297ED9C600C03B9C /* FabMenuView.swift */ = {isa = PBXFileReference; fileEncoding = 4; lastKnownFileType = sourcecode.swift; path = FabMenuView.swift; sourceTree = "<group>"; };
/* End PBXFileReference section */

/* Begin PBXFrameworksBuildPhase section */
		BCBEB57F297ED92E00C03B9C /* Frameworks */ = {
			isa = PBXFrameworksBuildPhase;
			buildActionMask = 2147483647;
			files = (
			);
			runOnlyForDeploymentPostprocessing = 0;
		};
/* End PBXFrameworksBuildPhase section */

/* Begin PBXGroup section */
		7D2806092B23336C000820B9 /* SSRadialMenu */ = {
			isa = PBXGroup;
			children = (
				7D8593092B21C1FB0078C68D /* SSRadialMenuView.swift */,
				7D28060A2B2333E5000820B9 /* SSRadialMenuViewModel.swift */,
			);
			path = SSRadialMenu;
			sourceTree = "<group>";
		};
		7D28060C2B233409000820B9 /* Model */ = {
			isa = PBXGroup;
			children = (
				7D28060D2B23341A000820B9 /* MenuItemModel.swift */,
			);
			path = Model;
			sourceTree = "<group>";
		};
		7D85930B2B21C6450078C68D /* CommonView */ = {
			isa = PBXGroup;
			children = (
				7D85930C2B21C6510078C68D /* MenuButtonView.swift */,
			);
			path = CommonView;
			sourceTree = "<group>";
		};
		BC7089DD29ACE91900D7D331 /* DynamicLiquidMenu */ = {
			isa = PBXGroup;
			children = (
				BC7089DE29ACE93900D7D331 /* DynamicLiquidMenu.swift */,
			);
			path = DynamicLiquidMenu;
			sourceTree = "<group>";
		};
		BCB40CB02993B38A00685605 /* FluidAnimation */ = {
			isa = PBXGroup;
			children = (
				BCB40CB52993B56300685605 /* Library */,
				BCB40CB32993B4A100685605 /* FabFluidView.swift */,
			);
			path = FluidAnimation;
			sourceTree = "<group>";
		};
		BCB40CB52993B56300685605 /* Library */ = {
			isa = PBXGroup;
			children = (
				BCB40CB12993B3A700685605 /* SimilarShape.swift */,
				BCB40CB82993B5B800685605 /* Extension+CGPoint.swift */,
				BCB40CBA2993B5D900685605 /* AnimatableDataShape.swift */,
				BCB40CBC2993B83000685605 /* MorphCircle.swift */,
			);
			path = Library;
			sourceTree = "<group>";
		};
		BCBEB579297ED92E00C03B9C = {
			isa = PBXGroup;
			children = (
				BCBEB584297ED92E00C03B9C /* SSRadialMenu */,
				BCBEB583297ED92E00C03B9C /* Products */,
			);
			sourceTree = "<group>";
		};
		BCBEB583297ED92E00C03B9C /* Products */ = {
			isa = PBXGroup;
			children = (
				BCBEB582297ED92E00C03B9C /* SSRadialMenu.app */,
			);
			name = Products;
			sourceTree = "<group>";
		};
		BCBEB584297ED92E00C03B9C /* SSRadialMenu */ = {
			isa = PBXGroup;
			children = (
				7D28060C2B233409000820B9 /* Model */,
				7D2806092B23336C000820B9 /* SSRadialMenu */,
				7D85930B2B21C6450078C68D /* CommonView */,
				BC7089DD29ACE91900D7D331 /* DynamicLiquidMenu */,
				BCBEB594297ED99900C03B9C /* Views */,
				BCBEB585297ED92E00C03B9C /* SSRadialMenuApp.swift */,
				BCBEB589297ED92F00C03B9C /* Assets.xcassets */,
				BCBEB58B297ED92F00C03B9C /* SSRadialMenu.entitlements */,
				BCBEB58C297ED92F00C03B9C /* Preview Content */,
			);
			path = SSRadialMenu;
			sourceTree = "<group>";
		};
		BCBEB58C297ED92F00C03B9C /* Preview Content */ = {
			isa = PBXGroup;
			children = (
				BCBEB58D297ED92F00C03B9C /* Preview Assets.xcassets */,
			);
			path = "Preview Content";
			sourceTree = "<group>";
		};
		BCBEB594297ED99900C03B9C /* Views */ = {
			isa = PBXGroup;
			children = (
				BCB40CB02993B38A00685605 /* FluidAnimation */,
				BCBEB595297ED9BD00C03B9C /* MenuLayout.swift */,
				BCBEB597297ED9C600C03B9C /* FabMenuView.swift */,
			);
			path = Views;
			sourceTree = "<group>";
		};
/* End PBXGroup section */

/* Begin PBXNativeTarget section */
		BCBEB581297ED92E00C03B9C /* SSRadialMenu */ = {
			isa = PBXNativeTarget;
			buildConfigurationList = BCBEB591297ED92F00C03B9C /* Build configuration list for PBXNativeTarget "SSRadialMenu" */;
			buildPhases = (
				BCBEB57E297ED92E00C03B9C /* Sources */,
				BCBEB57F297ED92E00C03B9C /* Frameworks */,
				BCBEB580297ED92E00C03B9C /* Resources */,
			);
			buildRules = (
			);
			dependencies = (
			);
			name = SSRadialMenu;
			productName = SSRadialMenu;
			productReference = BCBEB582297ED92E00C03B9C /* SSRadialMenu.app */;
			productType = "com.apple.product-type.application";
		};
/* End PBXNativeTarget section */

/* Begin PBXProject section */
		BCBEB57A297ED92E00C03B9C /* Project object */ = {
			isa = PBXProject;
			attributes = {
				BuildIndependentTargetsInParallel = 1;
				LastSwiftUpdateCheck = 1410;
				LastUpgradeCheck = 1410;
				TargetAttributes = {
					BCBEB581297ED92E00C03B9C = {
						CreatedOnToolsVersion = 14.1;
					};
				};
			};
			buildConfigurationList = BCBEB57D297ED92E00C03B9C /* Build configuration list for PBXProject "SSRadialMenu" */;
			compatibilityVersion = "Xcode 14.0";
			developmentRegion = en;
			hasScannedForEncodings = 0;
			knownRegions = (
				en,
				Base,
			);
			mainGroup = BCBEB579297ED92E00C03B9C;
			productRefGroup = BCBEB583297ED92E00C03B9C /* Products */;
			projectDirPath = "";
			projectRoot = "";
			targets = (
				BCBEB581297ED92E00C03B9C /* SSRadialMenu */,
			);
		};
/* End PBXProject section */

/* Begin PBXResourcesBuildPhase section */
		BCBEB580297ED92E00C03B9C /* Resources */ = {
			isa = PBXResourcesBuildPhase;
			buildActionMask = 2147483647;
			files = (
				BCBEB58E297ED92F00C03B9C /* Preview Assets.xcassets in Resources */,
				BCBEB58A297ED92F00C03B9C /* Assets.xcassets in Resources */,
			);
			runOnlyForDeploymentPostprocessing = 0;
		};
/* End PBXResourcesBuildPhase section */

/* Begin PBXSourcesBuildPhase section */
		BCBEB57E297ED92E00C03B9C /* Sources */ = {
			isa = PBXSourcesBuildPhase;
			buildActionMask = 2147483647;
			files = (
				7D28060E2B23341A000820B9 /* MenuItemModel.swift in Sources */,
				BCBEB586297ED92E00C03B9C /* SSRadialMenuApp.swift in Sources */,
				BCBEB596297ED9BD00C03B9C /* MenuLayout.swift in Sources */,
				7D28060B2B2333E5000820B9 /* SSRadialMenuViewModel.swift in Sources */,
				BCB40CB42993B4A100685605 /* FabFluidView.swift in Sources */,
				BCBEB598297ED9C600C03B9C /* FabMenuView.swift in Sources */,
				BCB40CB92993B5B800685605 /* Extension+CGPoint.swift in Sources */,
				BC7089DF29ACE93900D7D331 /* DynamicLiquidMenu.swift in Sources */,
				BCB40CB22993B3A700685605 /* SimilarShape.swift in Sources */,
				7D85930D2B21C6510078C68D /* MenuButtonView.swift in Sources */,
				BCB40CBD2993B83000685605 /* MorphCircle.swift in Sources */,
				7D85930A2B21C1FB0078C68D /* SSRadialMenuView.swift in Sources */,
				BCB40CBB2993B5D900685605 /* AnimatableDataShape.swift in Sources */,
			);
			runOnlyForDeploymentPostprocessing = 0;
		};
/* End PBXSourcesBuildPhase section */

/* Begin XCBuildConfiguration section */
		BCBEB58F297ED92F00C03B9C /* Debug */ = {
			isa = XCBuildConfiguration;
			buildSettings = {
				ALWAYS_SEARCH_USER_PATHS = NO;
				CLANG_ANALYZER_NONNULL = YES;
				CLANG_ANALYZER_NUMBER_OBJECT_CONVERSION = YES_AGGRESSIVE;
				CLANG_CXX_LANGUAGE_STANDARD = "gnu++20";
				CLANG_ENABLE_MODULES = YES;
				CLANG_ENABLE_OBJC_ARC = YES;
				CLANG_ENABLE_OBJC_WEAK = YES;
				CLANG_WARN_BLOCK_CAPTURE_AUTORELEASING = YES;
				CLANG_WARN_BOOL_CONVERSION = YES;
				CLANG_WARN_COMMA = YES;
				CLANG_WARN_CONSTANT_CONVERSION = YES;
				CLANG_WARN_DEPRECATED_OBJC_IMPLEMENTATIONS = YES;
				CLANG_WARN_DIRECT_OBJC_ISA_USAGE = YES_ERROR;
				CLANG_WARN_DOCUMENTATION_COMMENTS = YES;
				CLANG_WARN_EMPTY_BODY = YES;
				CLANG_WARN_ENUM_CONVERSION = YES;
				CLANG_WARN_INFINITE_RECURSION = YES;
				CLANG_WARN_INT_CONVERSION = YES;
				CLANG_WARN_NON_LITERAL_NULL_CONVERSION = YES;
				CLANG_WARN_OBJC_IMPLICIT_RETAIN_SELF = YES;
				CLANG_WARN_OBJC_LITERAL_CONVERSION = YES;
				CLANG_WARN_OBJC_ROOT_CLASS = YES_ERROR;
				CLANG_WARN_QUOTED_INCLUDE_IN_FRAMEWORK_HEADER = YES;
				CLANG_WARN_RANGE_LOOP_ANALYSIS = YES;
				CLANG_WARN_STRICT_PROTOTYPES = YES;
				CLANG_WARN_SUSPICIOUS_MOVE = YES;
				CLANG_WARN_UNGUARDED_AVAILABILITY = YES_AGGRESSIVE;
				CLANG_WARN_UNREACHABLE_CODE = YES;
				CLANG_WARN__DUPLICATE_METHOD_MATCH = YES;
				COPY_PHASE_STRIP = NO;
				DEBUG_INFORMATION_FORMAT = dwarf;
				ENABLE_STRICT_OBJC_MSGSEND = YES;
				ENABLE_TESTABILITY = YES;
				GCC_C_LANGUAGE_STANDARD = gnu11;
				GCC_DYNAMIC_NO_PIC = NO;
				GCC_NO_COMMON_BLOCKS = YES;
				GCC_OPTIMIZATION_LEVEL = 0;
				GCC_PREPROCESSOR_DEFINITIONS = (
					"DEBUG=1",
					"$(inherited)",
				);
				GCC_WARN_64_TO_32_BIT_CONVERSION = YES;
				GCC_WARN_ABOUT_RETURN_TYPE = YES_ERROR;
				GCC_WARN_UNDECLARED_SELECTOR = YES;
				GCC_WARN_UNINITIALIZED_AUTOS = YES_AGGRESSIVE;
				GCC_WARN_UNUSED_FUNCTION = YES;
				GCC_WARN_UNUSED_VARIABLE = YES;
				MTL_ENABLE_DEBUG_INFO = INCLUDE_SOURCE;
				MTL_FAST_MATH = YES;
				ONLY_ACTIVE_ARCH = YES;
				SWIFT_ACTIVE_COMPILATION_CONDITIONS = DEBUG;
				SWIFT_OPTIMIZATION_LEVEL = "-Onone";
			};
			name = Debug;
		};
		BCBEB590297ED92F00C03B9C /* Release */ = {
			isa = XCBuildConfiguration;
			buildSettings = {
				ALWAYS_SEARCH_USER_PATHS = NO;
				CLANG_ANALYZER_NONNULL = YES;
				CLANG_ANALYZER_NUMBER_OBJECT_CONVERSION = YES_AGGRESSIVE;
				CLANG_CXX_LANGUAGE_STANDARD = "gnu++20";
				CLANG_ENABLE_MODULES = YES;
				CLANG_ENABLE_OBJC_ARC = YES;
				CLANG_ENABLE_OBJC_WEAK = YES;
				CLANG_WARN_BLOCK_CAPTURE_AUTORELEASING = YES;
				CLANG_WARN_BOOL_CONVERSION = YES;
				CLANG_WARN_COMMA = YES;
				CLANG_WARN_CONSTANT_CONVERSION = YES;
				CLANG_WARN_DEPRECATED_OBJC_IMPLEMENTATIONS = YES;
				CLANG_WARN_DIRECT_OBJC_ISA_USAGE = YES_ERROR;
				CLANG_WARN_DOCUMENTATION_COMMENTS = YES;
				CLANG_WARN_EMPTY_BODY = YES;
				CLANG_WARN_ENUM_CONVERSION = YES;
				CLANG_WARN_INFINITE_RECURSION = YES;
				CLANG_WARN_INT_CONVERSION = YES;
				CLANG_WARN_NON_LITERAL_NULL_CONVERSION = YES;
				CLANG_WARN_OBJC_IMPLICIT_RETAIN_SELF = YES;
				CLANG_WARN_OBJC_LITERAL_CONVERSION = YES;
				CLANG_WARN_OBJC_ROOT_CLASS = YES_ERROR;
				CLANG_WARN_QUOTED_INCLUDE_IN_FRAMEWORK_HEADER = YES;
				CLANG_WARN_RANGE_LOOP_ANALYSIS = YES;
				CLANG_WARN_STRICT_PROTOTYPES = YES;
				CLANG_WARN_SUSPICIOUS_MOVE = YES;
				CLANG_WARN_UNGUARDED_AVAILABILITY = YES_AGGRESSIVE;
				CLANG_WARN_UNREACHABLE_CODE = YES;
				CLANG_WARN__DUPLICATE_METHOD_MATCH = YES;
				COPY_PHASE_STRIP = NO;
				DEBUG_INFORMATION_FORMAT = "dwarf-with-dsym";
				ENABLE_NS_ASSERTIONS = NO;
				ENABLE_STRICT_OBJC_MSGSEND = YES;
				GCC_C_LANGUAGE_STANDARD = gnu11;
				GCC_NO_COMMON_BLOCKS = YES;
				GCC_WARN_64_TO_32_BIT_CONVERSION = YES;
				GCC_WARN_ABOUT_RETURN_TYPE = YES_ERROR;
				GCC_WARN_UNDECLARED_SELECTOR = YES;
				GCC_WARN_UNINITIALIZED_AUTOS = YES_AGGRESSIVE;
				GCC_WARN_UNUSED_FUNCTION = YES;
				GCC_WARN_UNUSED_VARIABLE = YES;
				MTL_ENABLE_DEBUG_INFO = NO;
				MTL_FAST_MATH = YES;
				SWIFT_COMPILATION_MODE = wholemodule;
				SWIFT_OPTIMIZATION_LEVEL = "-O";
			};
			name = Release;
		};
		BCBEB592297ED92F00C03B9C /* Debug */ = {
			isa = XCBuildConfiguration;
			buildSettings = {
				ASSETCATALOG_COMPILER_APPICON_NAME = AppIcon;
				ASSETCATALOG_COMPILER_GLOBAL_ACCENT_COLOR_NAME = AccentColor;
				CODE_SIGN_ENTITLEMENTS = SSRadialMenu/SSRadialMenu.entitlements;
				CODE_SIGN_STYLE = Automatic;
				CURRENT_PROJECT_VERSION = 1;
				DEVELOPMENT_ASSET_PATHS = "\"SSRadialMenu/Preview Content\"";
				DEVELOPMENT_TEAM = K7XJG666ZW;
				ENABLE_HARDENED_RUNTIME = YES;
				ENABLE_PREVIEWS = YES;
				GENERATE_INFOPLIST_FILE = YES;
				"INFOPLIST_KEY_UIApplicationSceneManifest_Generation[sdk=iphoneos*]" = YES;
				"INFOPLIST_KEY_UIApplicationSceneManifest_Generation[sdk=iphonesimulator*]" = YES;
				"INFOPLIST_KEY_UIApplicationSupportsIndirectInputEvents[sdk=iphoneos*]" = YES;
				"INFOPLIST_KEY_UIApplicationSupportsIndirectInputEvents[sdk=iphonesimulator*]" = YES;
				"INFOPLIST_KEY_UILaunchScreen_Generation[sdk=iphoneos*]" = YES;
				"INFOPLIST_KEY_UILaunchScreen_Generation[sdk=iphonesimulator*]" = YES;
				"INFOPLIST_KEY_UIStatusBarStyle[sdk=iphoneos*]" = UIStatusBarStyleDefault;
				"INFOPLIST_KEY_UIStatusBarStyle[sdk=iphonesimulator*]" = UIStatusBarStyleDefault;
				INFOPLIST_KEY_UISupportedInterfaceOrientations_iPad = "UIInterfaceOrientationPortrait UIInterfaceOrientationPortraitUpsideDown UIInterfaceOrientationLandscapeLeft UIInterfaceOrientationLandscapeRight";
				INFOPLIST_KEY_UISupportedInterfaceOrientations_iPhone = "UIInterfaceOrientationPortrait UIInterfaceOrientationLandscapeLeft UIInterfaceOrientationLandscapeRight";
				IPHONEOS_DEPLOYMENT_TARGET = 16.1;
				LD_RUNPATH_SEARCH_PATHS = "@executable_path/Frameworks";
				"LD_RUNPATH_SEARCH_PATHS[sdk=macosx*]" = "@executable_path/../Frameworks";
				MACOSX_DEPLOYMENT_TARGET = 13.0;
				MARKETING_VERSION = 1.0;
				PRODUCT_BUNDLE_IDENTIFIER = com.simform.SSRadialMenu;
				PRODUCT_NAME = "$(TARGET_NAME)";
				SDKROOT = auto;
				SUPPORTED_PLATFORMS = "iphoneos iphonesimulator macosx";
				SWIFT_EMIT_LOC_STRINGS = YES;
				SWIFT_VERSION = 5.0;
				TARGETED_DEVICE_FAMILY = "1,2";
			};
			name = Debug;
		};
		BCBEB593297ED92F00C03B9C /* Release */ = {
			isa = XCBuildConfiguration;
			buildSettings = {
				ASSETCATALOG_COMPILER_APPICON_NAME = AppIcon;
				ASSETCATALOG_COMPILER_GLOBAL_ACCENT_COLOR_NAME = AccentColor;
				CODE_SIGN_ENTITLEMENTS = SSRadialMenu/SSRadialMenu.entitlements;
				CODE_SIGN_STYLE = Automatic;
				CURRENT_PROJECT_VERSION = 1;
				DEVELOPMENT_ASSET_PATHS = "\"SSRadialMenu/Preview Content\"";
				DEVELOPMENT_TEAM = K7XJG666ZW;
				ENABLE_HARDENED_RUNTIME = YES;
				ENABLE_PREVIEWS = YES;
				GENERATE_INFOPLIST_FILE = YES;
				"INFOPLIST_KEY_UIApplicationSceneManifest_Generation[sdk=iphoneos*]" = YES;
				"INFOPLIST_KEY_UIApplicationSceneManifest_Generation[sdk=iphonesimulator*]" = YES;
				"INFOPLIST_KEY_UIApplicationSupportsIndirectInputEvents[sdk=iphoneos*]" = YES;
				"INFOPLIST_KEY_UIApplicationSupportsIndirectInputEvents[sdk=iphonesimulator*]" = YES;
				"INFOPLIST_KEY_UILaunchScreen_Generation[sdk=iphoneos*]" = YES;
				"INFOPLIST_KEY_UILaunchScreen_Generation[sdk=iphonesimulator*]" = YES;
				"INFOPLIST_KEY_UIStatusBarStyle[sdk=iphoneos*]" = UIStatusBarStyleDefault;
				"INFOPLIST_KEY_UIStatusBarStyle[sdk=iphonesimulator*]" = UIStatusBarStyleDefault;
				INFOPLIST_KEY_UISupportedInterfaceOrientations_iPad = "UIInterfaceOrientationPortrait UIInterfaceOrientationPortraitUpsideDown UIInterfaceOrientationLandscapeLeft UIInterfaceOrientationLandscapeRight";
				INFOPLIST_KEY_UISupportedInterfaceOrientations_iPhone = "UIInterfaceOrientationPortrait UIInterfaceOrientationLandscapeLeft UIInterfaceOrientationLandscapeRight";
				IPHONEOS_DEPLOYMENT_TARGET = 16.1;
				LD_RUNPATH_SEARCH_PATHS = "@executable_path/Frameworks";
				"LD_RUNPATH_SEARCH_PATHS[sdk=macosx*]" = "@executable_path/../Frameworks";
				MACOSX_DEPLOYMENT_TARGET = 13.0;
				MARKETING_VERSION = 1.0;
				PRODUCT_BUNDLE_IDENTIFIER = com.simform.SSRadialMenu;
				PRODUCT_NAME = "$(TARGET_NAME)";
				SDKROOT = auto;
				SUPPORTED_PLATFORMS = "iphoneos iphonesimulator macosx";
				SWIFT_EMIT_LOC_STRINGS = YES;
				SWIFT_VERSION = 5.0;
				TARGETED_DEVICE_FAMILY = "1,2";
			};
			name = Release;
		};
/* End XCBuildConfiguration section */

/* Begin XCConfigurationList section */
		BCBEB57D297ED92E00C03B9C /* Build configuration list for PBXProject "SSRadialMenu" */ = {
			isa = XCConfigurationList;
			buildConfigurations = (
				BCBEB58F297ED92F00C03B9C /* Debug */,
				BCBEB590297ED92F00C03B9C /* Release */,
			);
			defaultConfigurationIsVisible = 0;
			defaultConfigurationName = Release;
		};
		BCBEB591297ED92F00C03B9C /* Build configuration list for PBXNativeTarget "SSRadialMenu" */ = {
			isa = XCConfigurationList;
			buildConfigurations = (
				BCBEB592297ED92F00C03B9C /* Debug */,
				BCBEB593297ED92F00C03B9C /* Release */,
			);
			defaultConfigurationIsVisible = 0;
			defaultConfigurationName = Release;
		};
/* End XCConfigurationList section */
	};
	rootObject = BCBEB57A297ED92E00C03B9C /* Project object */;
}
