// !$*UTF8*$!
{
	archiveVersion = 1;
	classes = {
	};
	objectVersion = 56;
	objects = {

/* Begin PBXBuildFile section */
		7D28060E2B23341A000820B9 /* MenuItemModel.swift in Sources */ = {isa = PBXBuildFile; fileRef = 7D28060D2B23341A000820B9 /* MenuItemModel.swift */; };
		7D4755E42B8CA7B800C4F67A /* LiquidFluidMenuView.swift in Sources */ = {isa = PBXBuildFile; fileRef = 7D4755E32B8CA7B800C4F67A /* LiquidFluidMenuView.swift */; };
		7D76F96D2CDB4BC500A125BE /* BlurredOverlayCircles.swift in Sources */ = {isa = PBXBuildFile; fileRef = 7D76F96C2CDB4BC500A125BE /* BlurredOverlayCircles.swift */; };
		7D76F96F2CDB4C8400A125BE /* LiquidPeelAwayView.swift in Sources */ = {isa = PBXBuildFile; fileRef = 7D76F96E2CDB4C8400A125BE /* LiquidPeelAwayView.swift */; };
		7D76F9712CDB51F400A125BE /* SubMenuView.swift in Sources */ = {isa = PBXBuildFile; fileRef = 7D76F9702CDB51F400A125BE /* SubMenuView.swift */; };
		7D76F9732CDBBE6900A125BE /* SubMenuItemView.swift in Sources */ = {isa = PBXBuildFile; fileRef = 7D76F9722CDBBE6900A125BE /* SubMenuItemView.swift */; };
		7D9237192DF073EC00CBDA4E /* MenuType.swift in Sources */ = {isa = PBXBuildFile; fileRef = 7D9237182DF073E900CBDA4E /* MenuType.swift */; };
		7D92371D2DF0740D00CBDA4E /* DebugInfoView.swift in Sources */ = {isa = PBXBuildFile; fileRef = 7D92371C2DF0740D00CBDA4E /* DebugInfoView.swift */; };
		7D9237222DF0756A00CBDA4E /* AlignmentType.swift in Sources */ = {isa = PBXBuildFile; fileRef = 7D9237212DF0756A00CBDA4E /* AlignmentType.swift */; };
		7D9237282DF1892500CBDA4E /* RadialMenuItems.swift in Sources */ = {isa = PBXBuildFile; fileRef = 7D9237232DF07B2F00CBDA4E /* RadialMenuItems.swift */; };
		7DC84ACB2CDE14C400903218 /* CircleView.swift in Sources */ = {isa = PBXBuildFile; fileRef = 7DC84ACA2CDE14C400903218 /* CircleView.swift */; };
		7DF38E7A2CD8D9B100C91782 /* RadialMenuPosition.swift in Sources */ = {isa = PBXBuildFile; fileRef = 7DF38E792CD8D9B100C91782 /* RadialMenuPosition.swift */; };
		7DF38E7C2CD8D9E400C91782 /* PlusToCrossView.swift in Sources */ = {isa = PBXBuildFile; fileRef = 7DF38E7B2CD8D9E400C91782 /* PlusToCrossView.swift */; };
		7DFFDCDE2CFDFCD800518066 /* CircularView.swift in Sources */ = {isa = PBXBuildFile; fileRef = 7DFFDCDD2CFDFCD800518066 /* CircularView.swift */; };
		BCBEB586297ED92E00C03B9C /* SSRadialMenuApp.swift in Sources */ = {isa = PBXBuildFile; fileRef = BCBEB585297ED92E00C03B9C /* SSRadialMenuApp.swift */; };
		BCBEB58A297ED92F00C03B9C /* Assets.xcassets in Resources */ = {isa = PBXBuildFile; fileRef = BCBEB589297ED92F00C03B9C /* Assets.xcassets */; };
		BCBEB58E297ED92F00C03B9C /* Preview Assets.xcassets in Resources */ = {isa = PBXBuildFile; fileRef = BCBEB58D297ED92F00C03B9C /* Preview Assets.xcassets */; };
/* End PBXBuildFile section */

/* Begin PBXFileReference section */
		7D28060D2B23341A000820B9 /* MenuItemModel.swift */ = {isa = PBXFileReference; lastKnownFileType = sourcecode.swift; path = MenuItemModel.swift; sourceTree = "<group>"; };
		7D4755E32B8CA7B800C4F67A /* LiquidFluidMenuView.swift */ = {isa = PBXFileReference; lastKnownFileType = sourcecode.swift; path = LiquidFluidMenuView.swift; sourceTree = "<group>"; };
		7D76F96C2CDB4BC500A125BE /* BlurredOverlayCircles.swift */ = {isa = PBXFileReference; lastKnownFileType = sourcecode.swift; path = BlurredOverlayCircles.swift; sourceTree = "<group>"; };
		7D76F96E2CDB4C8400A125BE /* LiquidPeelAwayView.swift */ = {isa = PBXFileReference; lastKnownFileType = sourcecode.swift; path = LiquidPeelAwayView.swift; sourceTree = "<group>"; };
		7D76F9702CDB51F400A125BE /* SubMenuView.swift */ = {isa = PBXFileReference; lastKnownFileType = sourcecode.swift; path = SubMenuView.swift; sourceTree = "<group>"; };
		7D76F9722CDBBE6900A125BE /* SubMenuItemView.swift */ = {isa = PBXFileReference; lastKnownFileType = sourcecode.swift; path = SubMenuItemView.swift; sourceTree = "<group>"; };
		7D9237182DF073E900CBDA4E /* MenuType.swift */ = {isa = PBXFileReference; lastKnownFileType = sourcecode.swift; path = MenuType.swift; sourceTree = "<group>"; };
		7D92371C2DF0740D00CBDA4E /* DebugInfoView.swift */ = {isa = PBXFileReference; lastKnownFileType = sourcecode.swift; path = DebugInfoView.swift; sourceTree = "<group>"; };
		7D9237212DF0756A00CBDA4E /* AlignmentType.swift */ = {isa = PBXFileReference; lastKnownFileType = sourcecode.swift; path = AlignmentType.swift; sourceTree = "<group>"; };
		7D9237232DF07B2F00CBDA4E /* RadialMenuItems.swift */ = {isa = PBXFileReference; lastKnownFileType = sourcecode.swift; path = RadialMenuItems.swift; sourceTree = "<group>"; };
		7DC84ACA2CDE14C400903218 /* CircleView.swift */ = {isa = PBXFileReference; lastKnownFileType = sourcecode.swift; path = CircleView.swift; sourceTree = "<group>"; };
		7DF38E792CD8D9B100C91782 /* RadialMenuPosition.swift */ = {isa = PBXFileReference; lastKnownFileType = sourcecode.swift; path = RadialMenuPosition.swift; sourceTree = "<group>"; };
		7DF38E7B2CD8D9E400C91782 /* PlusToCrossView.swift */ = {isa = PBXFileReference; lastKnownFileType = sourcecode.swift; path = PlusToCrossView.swift; sourceTree = "<group>"; };
		7DFFDCDD2CFDFCD800518066 /* CircularView.swift */ = {isa = PBXFileReference; lastKnownFileType = sourcecode.swift; path = CircularView.swift; sourceTree = "<group>"; };
		BCBEB582297ED92E00C03B9C /* SSRadialMenu.app */ = {isa = PBXFileReference; explicitFileType = wrapper.application; includeInIndex = 0; path = SSRadialMenu.app; sourceTree = BUILT_PRODUCTS_DIR; };
		BCBEB585297ED92E00C03B9C /* SSRadialMenuApp.swift */ = {isa = PBXFileReference; lastKnownFileType = sourcecode.swift; path = SSRadialMenuApp.swift; sourceTree = "<group>"; };
		BCBEB589297ED92F00C03B9C /* Assets.xcassets */ = {isa = PBXFileReference; lastKnownFileType = folder.assetcatalog; path = Assets.xcassets; sourceTree = "<group>"; };
		BCBEB58B297ED92F00C03B9C /* SSRadialMenu.entitlements */ = {isa = PBXFileReference; lastKnownFileType = text.plist.entitlements; path = SSRadialMenu.entitlements; sourceTree = "<group>"; };
		BCBEB58D297ED92F00C03B9C /* Preview Assets.xcassets */ = {isa = PBXFileReference; lastKnownFileType = folder.assetcatalog; path = "Preview Assets.xcassets"; sourceTree = "<group>"; };
/* End PBXFileReference section */

/* Begin PBXFrameworksBuildPhase section */
		BCBEB57F297ED92E00C03B9C /* Frameworks */ = {
			isa = PBXFrameworksBuildPhase;
			buildActionMask = 2147483647;
			files = (
			);
			runOnlyForDeploymentPostprocessing = 0;
		};
/* End PBXFrameworksBuildPhase section */

/* Begin PBXGroup section */
		7D28060C2B233409000820B9 /* Model */ = {
			isa = PBXGroup;
			children = (
				7D28060D2B23341A000820B9 /* MenuItemModel.swift */,
			);
			path = Model;
			sourceTree = "<group>";
		};
		7D85930B2B21C6450078C68D /* CommonView */ = {
			isa = PBXGroup;
			children = (
				7DF38E7B2CD8D9E400C91782 /* PlusToCrossView.swift */,
				7D76F96C2CDB4BC500A125BE /* BlurredOverlayCircles.swift */,
				7D76F96E2CDB4C8400A125BE /* LiquidPeelAwayView.swift */,
				7D76F9702CDB51F400A125BE /* SubMenuView.swift */,
				7D76F9722CDBBE6900A125BE /* SubMenuItemView.swift */,
			);
			path = CommonView;
			sourceTree = "<group>";
		};
		7D9237172DF073DC00CBDA4E /* Utilities */ = {
			isa = PBXGroup;
			children = (
				7D9237212DF0756A00CBDA4E /* AlignmentType.swift */,
				7D9237182DF073E900CBDA4E /* MenuType.swift */,
			);
			path = Utilities;
			sourceTree = "<group>";
		};
		7DC84AC92CDE14B700903218 /* CircleView */ = {
			isa = PBXGroup;
			children = (
				7DC84ACA2CDE14C400903218 /* CircleView.swift */,
			);
			path = CircleView;
			sourceTree = "<group>";
		};
		7DD9AD232B878A3C008E7E8F /* Enum */ = {
			isa = PBXGroup;
			children = (
				7DF38E792CD8D9B100C91782 /* RadialMenuPosition.swift */,
			);
			path = Enum;
			sourceTree = "<group>";
		};
		7DFFDCDC2CFDFCC700518066 /* CircularView */ = {
			isa = PBXGroup;
			children = (
				7D9237232DF07B2F00CBDA4E /* RadialMenuItems.swift */,
				7D92371C2DF0740D00CBDA4E /* DebugInfoView.swift */,
				7DFFDCDD2CFDFCD800518066 /* CircularView.swift */,
			);
			path = CircularView;
			sourceTree = "<group>";
		};
		BCBEB579297ED92E00C03B9C = {
			isa = PBXGroup;
			children = (
				BCBEB584297ED92E00C03B9C /* SSRadialMenu */,
				BCBEB583297ED92E00C03B9C /* Products */,
			);
			sourceTree = "<group>";
		};
		BCBEB583297ED92E00C03B9C /* Products */ = {
			isa = PBXGroup;
			children = (
				BCBEB582297ED92E00C03B9C /* SSRadialMenu.app */,
			);
			name = Products;
			sourceTree = "<group>";
		};
		BCBEB584297ED92E00C03B9C /* SSRadialMenu */ = {
			isa = PBXGroup;
			children = (
				7D9237172DF073DC00CBDA4E /* Utilities */,
				7DFFDCDC2CFDFCC700518066 /* CircularView */,
				7DC84AC92CDE14B700903218 /* CircleView */,
				7DD9AD232B878A3C008E7E8F /* Enum */,
				7D28060C2B233409000820B9 /* Model */,
				7D85930B2B21C6450078C68D /* CommonView */,
				BCBEB585297ED92E00C03B9C /* SSRadialMenuApp.swift */,
				BCBEB589297ED92F00C03B9C /* Assets.xcassets */,
				BCBEB58B297ED92F00C03B9C /* SSRadialMenu.entitlements */,
				BCBEB58C297ED92F00C03B9C /* Preview Content */,
				7D4755E32B8CA7B800C4F67A /* LiquidFluidMenuView.swift */,
			);
			path = SSRadialMenu;
			sourceTree = "<group>";
		};
		BCBEB58C297ED92F00C03B9C /* Preview Content */ = {
			isa = PBXGroup;
			children = (
				BCBEB58D297ED92F00C03B9C /* Preview Assets.xcassets */,
			);
			path = "Preview Content";
			sourceTree = "<group>";
		};
/* End PBXGroup section */

/* Begin PBXNativeTarget section */
		BCBEB581297ED92E00C03B9C /* SSRadialMenu */ = {
			isa = PBXNativeTarget;
			buildConfigurationList = BCBEB591297ED92F00C03B9C /* Build configuration list for PBXNativeTarget "SSRadialMenu" */;
			buildPhases = (
				BCBEB57E297ED92E00C03B9C /* Sources */,
				BCBEB57F297ED92E00C03B9C /* Frameworks */,
				BCBEB580297ED92E00C03B9C /* Resources */,
			);
			buildRules = (
			);
			dependencies = (
			);
			name = SSRadialMenu;
			productName = SSRadialMenu;
			productReference = BCBEB582297ED92E00C03B9C /* SSRadialMenu.app */;
			productType = "com.apple.product-type.application";
		};
/* End PBXNativeTarget section */

/* Begin PBXProject section */
		BCBEB57A297ED92E00C03B9C /* Project object */ = {
			isa = PBXProject;
			attributes = {
				BuildIndependentTargetsInParallel = 1;
				LastSwiftUpdateCheck = 1410;
				LastUpgradeCheck = 1410;
				TargetAttributes = {
					BCBEB581297ED92E00C03B9C = {
						CreatedOnToolsVersion = 14.1;
					};
				};
			};
			buildConfigurationList = BCBEB57D297ED92E00C03B9C /* Build configuration list for PBXProject "SSRadialMenu" */;
			compatibilityVersion = "Xcode 14.0";
			developmentRegion = en;
			hasScannedForEncodings = 0;
			knownRegions = (
				en,
				Base,
			);
			mainGroup = BCBEB579297ED92E00C03B9C;
			productRefGroup = BCBEB583297ED92E00C03B9C /* Products */;
			projectDirPath = "";
			projectRoot = "";
			targets = (
				BCBEB581297ED92E00C03B9C /* SSRadialMenu */,
			);
		};
/* End PBXProject section */

/* Begin PBXResourcesBuildPhase section */
		BCBEB580297ED92E00C03B9C /* Resources */ = {
			isa = PBXResourcesBuildPhase;
			buildActionMask = 2147483647;
			files = (
				BCBEB58E297ED92F00C03B9C /* Preview Assets.xcassets in Resources */,
				BCBEB58A297ED92F00C03B9C /* Assets.xcassets in Resources */,
			);
			runOnlyForDeploymentPostprocessing = 0;
		};
/* End PBXResourcesBuildPhase section */

/* Begin PBXSourcesBuildPhase section */
		BCBEB57E297ED92E00C03B9C /* Sources */ = {
			isa = PBXSourcesBuildPhase;
			buildActionMask = 2147483647;
			files = (
				7D9237192DF073EC00CBDA4E /* MenuType.swift in Sources */,
				7DC84ACB2CDE14C400903218 /* CircleView.swift in Sources */,
				7D76F9712CDB51F400A125BE /* SubMenuView.swift in Sources */,
				7D28060E2B23341A000820B9 /* MenuItemModel.swift in Sources */,
				7D76F96F2CDB4C8400A125BE /* LiquidPeelAwayView.swift in Sources */,
				7DF38E7A2CD8D9B100C91782 /* RadialMenuPosition.swift in Sources */,
				7D92371D2DF0740D00CBDA4E /* DebugInfoView.swift in Sources */,
				7D9237222DF0756A00CBDA4E /* AlignmentType.swift in Sources */,
				7DFFDCDE2CFDFCD800518066 /* CircularView.swift in Sources */,
				7D76F96D2CDB4BC500A125BE /* BlurredOverlayCircles.swift in Sources */,
				BCBEB586297ED92E00C03B9C /* SSRadialMenuApp.swift in Sources */,
				7D9237282DF1892500CBDA4E /* RadialMenuItems.swift in Sources */,
				7D4755E42B8CA7B800C4F67A /* LiquidFluidMenuView.swift in Sources */,
				7D76F9732CDBBE6900A125BE /* SubMenuItemView.swift in Sources */,
				7DF38E7C2CD8D9E400C91782 /* PlusToCrossView.swift in Sources */,
			);
			runOnlyForDeploymentPostprocessing = 0;
		};
/* End PBXSourcesBuildPhase section */

/* Begin XCBuildConfiguration section */
		BCBEB58F297ED92F00C03B9C /* Debug */ = {
			isa = XCBuildConfiguration;
			buildSettings = {
				ALWAYS_SEARCH_USER_PATHS = NO;
				CLANG_ANALYZER_NONNULL = YES;
				CLANG_ANALYZER_NUMBER_OBJECT_CONVERSION = YES_AGGRESSIVE;
				CLANG_CXX_LANGUAGE_STANDARD = "gnu++20";
				CLANG_ENABLE_MODULES = YES;
				CLANG_ENABLE_OBJC_ARC = YES;
				CLANG_ENABLE_OBJC_WEAK = YES;
				CLANG_WARN_BLOCK_CAPTURE_AUTORELEASING = YES;
				CLANG_WARN_BOOL_CONVERSION = YES;
				CLANG_WARN_COMMA = YES;
				CLANG_WARN_CONSTANT_CONVERSION = YES;
				CLANG_WARN_DEPRECATED_OBJC_IMPLEMENTATIONS = YES;
				CLANG_WARN_DIRECT_OBJC_ISA_USAGE = YES_ERROR;
				CLANG_WARN_DOCUMENTATION_COMMENTS = YES;
				CLANG_WARN_EMPTY_BODY = YES;
				CLANG_WARN_ENUM_CONVERSION = YES;
				CLANG_WARN_INFINITE_RECURSION = YES;
				CLANG_WARN_INT_CONVERSION = YES;
				CLANG_WARN_NON_LITERAL_NULL_CONVERSION = YES;
				CLANG_WARN_OBJC_IMPLICIT_RETAIN_SELF = YES;
				CLANG_WARN_OBJC_LITERAL_CONVERSION = YES;
				CLANG_WARN_OBJC_ROOT_CLASS = YES_ERROR;
				CLANG_WARN_QUOTED_INCLUDE_IN_FRAMEWORK_HEADER = YES;
				CLANG_WARN_RANGE_LOOP_ANALYSIS = YES;
				CLANG_WARN_STRICT_PROTOTYPES = YES;
				CLANG_WARN_SUSPICIOUS_MOVE = YES;
				CLANG_WARN_UNGUARDED_AVAILABILITY = YES_AGGRESSIVE;
				CLANG_WARN_UNREACHABLE_CODE = YES;
				CLANG_WARN__DUPLICATE_METHOD_MATCH = YES;
				COPY_PHASE_STRIP = NO;
				DEBUG_INFORMATION_FORMAT = dwarf;
				ENABLE_STRICT_OBJC_MSGSEND = YES;
				ENABLE_TESTABILITY = YES;
				GCC_C_LANGUAGE_STANDARD = gnu11;
				GCC_DYNAMIC_NO_PIC = NO;
				GCC_NO_COMMON_BLOCKS = YES;
				GCC_OPTIMIZATION_LEVEL = 0;
				GCC_PREPROCESSOR_DEFINITIONS = (
					"DEBUG=1",
					"$(inherited)",
				);
				GCC_WARN_64_TO_32_BIT_CONVERSION = YES;
				GCC_WARN_ABOUT_RETURN_TYPE = YES_ERROR;
				GCC_WARN_UNDECLARED_SELECTOR = YES;
				GCC_WARN_UNINITIALIZED_AUTOS = YES_AGGRESSIVE;
				GCC_WARN_UNUSED_FUNCTION = YES;
				GCC_WARN_UNUSED_VARIABLE = YES;
				MTL_ENABLE_DEBUG_INFO = INCLUDE_SOURCE;
				MTL_FAST_MATH = YES;
				ONLY_ACTIVE_ARCH = YES;
				SWIFT_ACTIVE_COMPILATION_CONDITIONS = DEBUG;
				SWIFT_OPTIMIZATION_LEVEL = "-Onone";
			};
			name = Debug;
		};
		BCBEB590297ED92F00C03B9C /* Release */ = {
			isa = XCBuildConfiguration;
			buildSettings = {
				ALWAYS_SEARCH_USER_PATHS = NO;
				CLANG_ANALYZER_NONNULL = YES;
				CLANG_ANALYZER_NUMBER_OBJECT_CONVERSION = YES_AGGRESSIVE;
				CLANG_CXX_LANGUAGE_STANDARD = "gnu++20";
				CLANG_ENABLE_MODULES = YES;
				CLANG_ENABLE_OBJC_ARC = YES;
				CLANG_ENABLE_OBJC_WEAK = YES;
				CLANG_WARN_BLOCK_CAPTURE_AUTORELEASING = YES;
				CLANG_WARN_BOOL_CONVERSION = YES;
				CLANG_WARN_COMMA = YES;
				CLANG_WARN_CONSTANT_CONVERSION = YES;
				CLANG_WARN_DEPRECATED_OBJC_IMPLEMENTATIONS = YES;
				CLANG_WARN_DIRECT_OBJC_ISA_USAGE = YES_ERROR;
				CLANG_WARN_DOCUMENTATION_COMMENTS = YES;
				CLANG_WARN_EMPTY_BODY = YES;
				CLANG_WARN_ENUM_CONVERSION = YES;
				CLANG_WARN_INFINITE_RECURSION = YES;
				CLANG_WARN_INT_CONVERSION = YES;
				CLANG_WARN_NON_LITERAL_NULL_CONVERSION = YES;
				CLANG_WARN_OBJC_IMPLICIT_RETAIN_SELF = YES;
				CLANG_WARN_OBJC_LITERAL_CONVERSION = YES;
				CLANG_WARN_OBJC_ROOT_CLASS = YES_ERROR;
				CLANG_WARN_QUOTED_INCLUDE_IN_FRAMEWORK_HEADER = YES;
				CLANG_WARN_RANGE_LOOP_ANALYSIS = YES;
				CLANG_WARN_STRICT_PROTOTYPES = YES;
				CLANG_WARN_SUSPICIOUS_MOVE = YES;
				CLANG_WARN_UNGUARDED_AVAILABILITY = YES_AGGRESSIVE;
				CLANG_WARN_UNREACHABLE_CODE = YES;
				CLANG_WARN__DUPLICATE_METHOD_MATCH = YES;
				COPY_PHASE_STRIP = NO;
				DEBUG_INFORMATION_FORMAT = "dwarf-with-dsym";
				ENABLE_NS_ASSERTIONS = NO;
				ENABLE_STRICT_OBJC_MSGSEND = YES;
				GCC_C_LANGUAGE_STANDARD = gnu11;
				GCC_NO_COMMON_BLOCKS = YES;
				GCC_WARN_64_TO_32_BIT_CONVERSION = YES;
				GCC_WARN_ABOUT_RETURN_TYPE = YES_ERROR;
				GCC_WARN_UNDECLARED_SELECTOR = YES;
				GCC_WARN_UNINITIALIZED_AUTOS = YES_AGGRESSIVE;
				GCC_WARN_UNUSED_FUNCTION = YES;
				GCC_WARN_UNUSED_VARIABLE = YES;
				MTL_ENABLE_DEBUG_INFO = NO;
				MTL_FAST_MATH = YES;
				SWIFT_COMPILATION_MODE = wholemodule;
				SWIFT_OPTIMIZATION_LEVEL = "-O";
			};
			name = Release;
		};
		BCBEB592297ED92F00C03B9C /* Debug */ = {
			isa = XCBuildConfiguration;
			buildSettings = {
				ASSETCATALOG_COMPILER_APPICON_NAME = AppIcon;
				ASSETCATALOG_COMPILER_GLOBAL_ACCENT_COLOR_NAME = AccentColor;
				CODE_SIGN_ENTITLEMENTS = SSRadialMenu/SSRadialMenu.entitlements;
				CODE_SIGN_STYLE = Automatic;
				CURRENT_PROJECT_VERSION = 1;
				DEVELOPMENT_ASSET_PATHS = "\"SSRadialMenu/Preview Content\"";
				DEVELOPMENT_TEAM = K7XJG666ZW;
				ENABLE_HARDENED_RUNTIME = YES;
				ENABLE_PREVIEWS = YES;
				GENERATE_INFOPLIST_FILE = YES;
				"INFOPLIST_KEY_UIApplicationSceneManifest_Generation[sdk=iphoneos*]" = YES;
				"INFOPLIST_KEY_UIApplicationSceneManifest_Generation[sdk=iphonesimulator*]" = YES;
				"INFOPLIST_KEY_UIApplicationSupportsIndirectInputEvents[sdk=iphoneos*]" = YES;
				"INFOPLIST_KEY_UIApplicationSupportsIndirectInputEvents[sdk=iphonesimulator*]" = YES;
				"INFOPLIST_KEY_UILaunchScreen_Generation[sdk=iphoneos*]" = YES;
				"INFOPLIST_KEY_UILaunchScreen_Generation[sdk=iphonesimulator*]" = YES;
				"INFOPLIST_KEY_UIStatusBarStyle[sdk=iphoneos*]" = UIStatusBarStyleDefault;
				"INFOPLIST_KEY_UIStatusBarStyle[sdk=iphonesimulator*]" = UIStatusBarStyleDefault;
				INFOPLIST_KEY_UISupportedInterfaceOrientations_iPad = "UIInterfaceOrientationPortrait UIInterfaceOrientationPortraitUpsideDown UIInterfaceOrientationLandscapeLeft UIInterfaceOrientationLandscapeRight";
				INFOPLIST_KEY_UISupportedInterfaceOrientations_iPhone = "UIInterfaceOrientationPortrait UIInterfaceOrientationLandscapeLeft UIInterfaceOrientationLandscapeRight";
				IPHONEOS_DEPLOYMENT_TARGET = 17.0;
				LD_RUNPATH_SEARCH_PATHS = "@executable_path/Frameworks";
				"LD_RUNPATH_SEARCH_PATHS[sdk=macosx*]" = "@executable_path/../Frameworks";
				MACOSX_DEPLOYMENT_TARGET = 13.0;
				MARKETING_VERSION = 1.0;
				PRODUCT_BUNDLE_IDENTIFIER = com.simform.SSRadialMenu;
				PRODUCT_NAME = "$(TARGET_NAME)";
				SDKROOT = auto;
				SUPPORTED_PLATFORMS = "iphoneos iphonesimulator macosx";
				SWIFT_EMIT_LOC_STRINGS = YES;
				SWIFT_VERSION = 5.0;
				TARGETED_DEVICE_FAMILY = "1,2";
			};
			name = Debug;
		};
		BCBEB593297ED92F00C03B9C /* Release */ = {
			isa = XCBuildConfiguration;
			buildSettings = {
				ASSETCATALOG_COMPILER_APPICON_NAME = AppIcon;
				ASSETCATALOG_COMPILER_GLOBAL_ACCENT_COLOR_NAME = AccentColor;
				CODE_SIGN_ENTITLEMENTS = SSRadialMenu/SSRadialMenu.entitlements;
				CODE_SIGN_STYLE = Automatic;
				CURRENT_PROJECT_VERSION = 1;
				DEVELOPMENT_ASSET_PATHS = "\"SSRadialMenu/Preview Content\"";
				DEVELOPMENT_TEAM = K7XJG666ZW;
				ENABLE_HARDENED_RUNTIME = YES;
				ENABLE_PREVIEWS = YES;
				GENERATE_INFOPLIST_FILE = YES;
				"INFOPLIST_KEY_UIApplicationSceneManifest_Generation[sdk=iphoneos*]" = YES;
				"INFOPLIST_KEY_UIApplicationSceneManifest_Generation[sdk=iphonesimulator*]" = YES;
				"INFOPLIST_KEY_UIApplicationSupportsIndirectInputEvents[sdk=iphoneos*]" = YES;
				"INFOPLIST_KEY_UIApplicationSupportsIndirectInputEvents[sdk=iphonesimulator*]" = YES;
				"INFOPLIST_KEY_UILaunchScreen_Generation[sdk=iphoneos*]" = YES;
				"INFOPLIST_KEY_UILaunchScreen_Generation[sdk=iphonesimulator*]" = YES;
				"INFOPLIST_KEY_UIStatusBarStyle[sdk=iphoneos*]" = UIStatusBarStyleDefault;
				"INFOPLIST_KEY_UIStatusBarStyle[sdk=iphonesimulator*]" = UIStatusBarStyleDefault;
				INFOPLIST_KEY_UISupportedInterfaceOrientations_iPad = "UIInterfaceOrientationPortrait UIInterfaceOrientationPortraitUpsideDown UIInterfaceOrientationLandscapeLeft UIInterfaceOrientationLandscapeRight";
				INFOPLIST_KEY_UISupportedInterfaceOrientations_iPhone = "UIInterfaceOrientationPortrait UIInterfaceOrientationLandscapeLeft UIInterfaceOrientationLandscapeRight";
				IPHONEOS_DEPLOYMENT_TARGET = 17.0;
				LD_RUNPATH_SEARCH_PATHS = "@executable_path/Frameworks";
				"LD_RUNPATH_SEARCH_PATHS[sdk=macosx*]" = "@executable_path/../Frameworks";
				MACOSX_DEPLOYMENT_TARGET = 13.0;
				MARKETING_VERSION = 1.0;
				PRODUCT_BUNDLE_IDENTIFIER = com.simform.SSRadialMenu;
				PRODUCT_NAME = "$(TARGET_NAME)";
				SDKROOT = auto;
				SUPPORTED_PLATFORMS = "iphoneos iphonesimulator macosx";
				SWIFT_EMIT_LOC_STRINGS = YES;
				SWIFT_VERSION = 5.0;
				TARGETED_DEVICE_FAMILY = "1,2";
			};
			name = Release;
		};
/* End XCBuildConfiguration section */

/* Begin XCConfigurationList section */
		BCBEB57D297ED92E00C03B9C /* Build configuration list for PBXProject "SSRadialMenu" */ = {
			isa = XCConfigurationList;
			buildConfigurations = (
				BCBEB58F297ED92F00C03B9C /* Debug */,
				BCBEB590297ED92F00C03B9C /* Release */,
			);
			defaultConfigurationIsVisible = 0;
			defaultConfigurationName = Release;
		};
		BCBEB591297ED92F00C03B9C /* Build configuration list for PBXNativeTarget "SSRadialMenu" */ = {
			isa = XCConfigurationList;
			buildConfigurations = (
				BCBEB592297ED92F00C03B9C /* Debug */,
				BCBEB593297ED92F00C03B9C /* Release */,
			);
			defaultConfigurationIsVisible = 0;
			defaultConfigurationName = Release;
		};
/* End XCConfigurationList section */
	};
	rootObject = BCBEB57A297ED92E00C03B9C /* Project object */;
}
